
Microsoft Visual Studio Solution File, Format Version 12.00
# Visual Studio Version 17
VisualStudioVersion = 17.1.31911.260
MinimumVisualStudioVersion = 10.0.40219.1
Project("{FAE04EC0-301F-11D3-BF4B-00C04F79EFBC}") = "Icarosdev.Sonos.Api", "Icarosdev.Sonos.Api\Icarosdev.Sonos.Api.csproj", "{422FAD20-1ACF-45BF-9A60-CFAC39ED547B}"
EndProject
Project("{FAE04EC0-301F-11D3-BF4B-00C04F79EFBC}") = "Icarosdev.Sonos.WebControl.Server", "Icarosdev.Sonos.WebControl\Server\Icarosdev.Sonos.WebControl.Server.csproj", "{6AB65C9D-76DA-4FC0-A0E5-3E4A2EB316E7}"
EndProject
Project("{FAE04EC0-301F-11D3-BF4B-00C04F79EFBC}") = "Icarosdev.Sonos.WebControl.Client", "Icarosdev.Sonos.WebControl\Client\Icarosdev.Sonos.WebControl.Client.csproj", "{5C295913-9D09-40A6-893E-4CD114023279}"
EndProject
Global
	GlobalSection(SolutionConfigurationPlatforms) = preSolution
		Debug|Any CPU = Debug|Any CPU
		Release|Any CPU = Release|Any CPU
	EndGlobalSection
	GlobalSection(ProjectConfigurationPlatforms) = postSolution
		{422FAD20-1ACF-45BF-9A60-CFAC39ED547B}.Debug|Any CPU.ActiveCfg = Debug|Any CPU
		{422FAD20-1ACF-45BF-9A60-CFAC39ED547B}.Debug|Any CPU.Build.0 = Debug|Any CPU
		{422FAD20-1ACF-45BF-9A60-CFAC39ED547B}.Release|Any CPU.ActiveCfg = Release|Any CPU
		{422FAD20-1ACF-45BF-9A60-CFAC39ED547B}.Release|Any CPU.Build.0 = Release|Any CPU
		{6AB65C9D-76DA-4FC0-A0E5-3E4A2EB316E7}.Debug|Any CPU.ActiveCfg = Debug|Any CPU
		{6AB65C9D-76DA-4FC0-A0E5-3E4A2EB316E7}.Debug|Any CPU.Build.0 = Debug|Any CPU
		{6AB65C9D-76DA-4FC0-A0E5-3E4A2EB316E7}.Release|Any CPU.ActiveCfg = Release|Any CPU
		{6AB65C9D-76DA-4FC0-A0E5-3E4A2EB316E7}.Release|Any CPU.Build.0 = Release|Any CPU
		{5C295913-9D09-40A6-893E-4CD114023279}.Debug|Any CPU.ActiveCfg = Debug|Any CPU
		{5C295913-9D09-40A6-893E-4CD114023279}.Debug|Any CPU.Build.0 = Debug|Any CPU
		{5C295913-9D09-40A6-893E-4CD114023279}.Release|Any CPU.ActiveCfg = Release|Any CPU
		{5C295913-9D09-40A6-893E-4CD114023279}.Release|Any CPU.Build.0 = Release|Any CPU
	EndGlobalSection
	GlobalSection(SolutionProperties) = preSolution
		HideSolutionNode = FALSE
	EndGlobalSection
	GlobalSection(ExtensibilityGlobals) = postSolution
		SolutionGuid = {22F61695-A738-4F31-B0FC-0480331E9D9B}
	EndGlobalSection
EndGlobal
